
Microsoft Visual Studio Solution File, Format Version 12.00
# Visual Studio 15
VisualStudioVersion = 15.0.28010.2046
MinimumVisualStudioVersion = 10.0.40219.1
Project("{FAE04EC0-301F-11D3-BF4B-00C04F79EFBC}") = "RtspCapture", "RtspCapture\RtspCapture.csproj", "{5DC5AECB-3072-4B82-93EF-CE0990B21004}"
EndProject
Project("{9A19103F-16F7-4668-BE54-9A1E7A4F7556}") = "RtspClientSharp", "RtspClientSharp\RtspClientSharp.csproj", "{1E3DCB5C-FA9D-4A6B-AADC-0FF971989A74}"
EndProject
Global
	GlobalSection(SolutionConfigurationPlatforms) = preSolution
		Debug|Any CPU = Debug|Any CPU
		Release|Any CPU = Release|Any CPU
	EndGlobalSection
	GlobalSection(ProjectConfigurationPlatforms) = postSolution
		{5DC5AECB-3072-4B82-93EF-CE0990B21004}.Debug|Any CPU.ActiveCfg = Debug|Any CPU
		{5DC5AECB-3072-4B82-93EF-CE0990B21004}.Debug|Any CPU.Build.0 = Debug|Any CPU
		{5DC5AECB-3072-4B82-93EF-CE0990B21004}.Release|Any CPU.ActiveCfg = Release|Any CPU
		{5DC5AECB-3072-4B82-93EF-CE0990B21004}.Release|Any CPU.Build.0 = Release|Any CPU
		{1E3DCB5C-FA9D-4A6B-AADC-0FF971989A74}.Debug|Any CPU.ActiveCfg = Debug|Any CPU
		{1E3DCB5C-FA9D-4A6B-AADC-0FF971989A74}.Debug|Any CPU.Build.0 = Debug|Any CPU
		{1E3DCB5C-FA9D-4A6B-AADC-0FF971989A74}.Release|Any CPU.ActiveCfg = Release|Any CPU
		{1E3DCB5C-FA9D-4A6B-AADC-0FF971989A74}.Release|Any CPU.Build.0 = Release|Any CPU
	EndGlobalSection
	GlobalSection(SolutionProperties) = preSolution
		HideSolutionNode = FALSE
	EndGlobalSection
	GlobalSection(ExtensibilityGlobals) = postSolution
		SolutionGuid = {10B18DF5-A803-458D-888F-EA53666AAD2B}
	EndGlobalSection
EndGlobal
